
Microsoft Visual Studio Solution File, Format Version 12.00
Project("{F2A71F9B-5D33-465A-A702-920D77279786}") = "Problem0001", "Problem0001\Problem0001.fsproj", "{0584A67E-C635-496E-90E6-74AE098AA17B}"
EndProject
Project("{F2A71F9B-5D33-465A-A702-920D77279786}") = "Problem0002", "Problem0002\Problem0002.fsproj", "{6665B77C-F701-4DA4-B46D-9C19523D009C}"
EndProject
Project("{F2A71F9B-5D33-465A-A702-920D77279786}") = "Problem0003", "Problem0003\Problem0003.fsproj", "{0A503BB9-E0BF-420D-B7CF-6C3CB538B2F2}"
EndProject
Project("{F2A71F9B-5D33-465A-A702-920D77279786}") = "Problem0004", "Problem0004\Problem0004.fsproj", "{63C0E152-D0DA-4BDB-82E0-12BA00E092D0}"
EndProject
Project("{F2A71F9B-5D33-465A-A702-920D77279786}") = "Problem0005", "Problem0005\Problem0005.fsproj", "{6FB2CF68-96EB-4A87-826F-6E1457302DB8}"
EndProject
Project("{F2A71F9B-5D33-465A-A702-920D77279786}") = "Problem0006", "Problem0006\Problem0006.fsproj", "{E3EB0504-5353-404D-92AA-216517B19C22}"
EndProject
Project("{F2A71F9B-5D33-465A-A702-920D77279786}") = "Problem0007", "Problem0007\Problem0007.fsproj", "{4168A171-624D-4DD9-BFE4-B93E9023BC4D}"
EndProject
Project("{F2A71F9B-5D33-465A-A702-920D77279786}") = "Problem0008", "Problem0008\Problem0008.fsproj", "{A09E93CB-9A7A-4163-A330-A66696846475}"
EndProject
Project("{F2A71F9B-5D33-465A-A702-920D77279786}") = "Problem0009", "Problem0009\Problem0009.fsproj", "{4E755018-0059-4362-911C-8DD263D7E5F0}"
EndProject
Project("{F2A71F9B-5D33-465A-A702-920D77279786}") = "Problem0010", "Problem0010\Problem0010.fsproj", "{E34A22BB-7AC5-4C75-B384-C858695AD4D7}"
EndProject
Project("{F2A71F9B-5D33-465A-A702-920D77279786}") = "Problem0011", "Problem0011\Problem0011.fsproj", "{9F4E6FE7-0743-4E69-9A3C-ACA104CAC591}"
EndProject
Global
	GlobalSection(SolutionConfigurationPlatforms) = preSolution
		Debug|Any CPU = Debug|Any CPU
		Release|Any CPU = Release|Any CPU
	EndGlobalSection
	GlobalSection(ProjectConfigurationPlatforms) = postSolution
		{0584A67E-C635-496E-90E6-74AE098AA17B}.Debug|Any CPU.ActiveCfg = Debug|Any CPU
		{0584A67E-C635-496E-90E6-74AE098AA17B}.Debug|Any CPU.Build.0 = Debug|Any CPU
		{0584A67E-C635-496E-90E6-74AE098AA17B}.Release|Any CPU.ActiveCfg = Release|Any CPU
		{0584A67E-C635-496E-90E6-74AE098AA17B}.Release|Any CPU.Build.0 = Release|Any CPU
		{6665B77C-F701-4DA4-B46D-9C19523D009C}.Debug|Any CPU.ActiveCfg = Debug|Any CPU
		{6665B77C-F701-4DA4-B46D-9C19523D009C}.Debug|Any CPU.Build.0 = Debug|Any CPU
		{6665B77C-F701-4DA4-B46D-9C19523D009C}.Release|Any CPU.ActiveCfg = Release|Any CPU
		{6665B77C-F701-4DA4-B46D-9C19523D009C}.Release|Any CPU.Build.0 = Release|Any CPU
		{0A503BB9-E0BF-420D-B7CF-6C3CB538B2F2}.Debug|Any CPU.ActiveCfg = Debug|Any CPU
		{0A503BB9-E0BF-420D-B7CF-6C3CB538B2F2}.Debug|Any CPU.Build.0 = Debug|Any CPU
		{0A503BB9-E0BF-420D-B7CF-6C3CB538B2F2}.Release|Any CPU.ActiveCfg = Release|Any CPU
		{0A503BB9-E0BF-420D-B7CF-6C3CB538B2F2}.Release|Any CPU.Build.0 = Release|Any CPU
		{63C0E152-D0DA-4BDB-82E0-12BA00E092D0}.Debug|Any CPU.ActiveCfg = Debug|Any CPU
		{63C0E152-D0DA-4BDB-82E0-12BA00E092D0}.Debug|Any CPU.Build.0 = Debug|Any CPU
		{63C0E152-D0DA-4BDB-82E0-12BA00E092D0}.Release|Any CPU.ActiveCfg = Release|Any CPU
		{63C0E152-D0DA-4BDB-82E0-12BA00E092D0}.Release|Any CPU.Build.0 = Release|Any CPU
		{6FB2CF68-96EB-4A87-826F-6E1457302DB8}.Debug|Any CPU.ActiveCfg = Debug|Any CPU
		{6FB2CF68-96EB-4A87-826F-6E1457302DB8}.Debug|Any CPU.Build.0 = Debug|Any CPU
		{6FB2CF68-96EB-4A87-826F-6E1457302DB8}.Release|Any CPU.ActiveCfg = Release|Any CPU
		{6FB2CF68-96EB-4A87-826F-6E1457302DB8}.Release|Any CPU.Build.0 = Release|Any CPU
		{E3EB0504-5353-404D-92AA-216517B19C22}.Debug|Any CPU.ActiveCfg = Debug|Any CPU
		{E3EB0504-5353-404D-92AA-216517B19C22}.Debug|Any CPU.Build.0 = Debug|Any CPU
		{E3EB0504-5353-404D-92AA-216517B19C22}.Release|Any CPU.ActiveCfg = Release|Any CPU
		{E3EB0504-5353-404D-92AA-216517B19C22}.Release|Any CPU.Build.0 = Release|Any CPU
		{4168A171-624D-4DD9-BFE4-B93E9023BC4D}.Debug|Any CPU.ActiveCfg = Debug|Any CPU
		{4168A171-624D-4DD9-BFE4-B93E9023BC4D}.Debug|Any CPU.Build.0 = Debug|Any CPU
		{4168A171-624D-4DD9-BFE4-B93E9023BC4D}.Release|Any CPU.ActiveCfg = Release|Any CPU
		{4168A171-624D-4DD9-BFE4-B93E9023BC4D}.Release|Any CPU.Build.0 = Release|Any CPU
		{A09E93CB-9A7A-4163-A330-A66696846475}.Debug|Any CPU.ActiveCfg = Debug|Any CPU
		{A09E93CB-9A7A-4163-A330-A66696846475}.Debug|Any CPU.Build.0 = Debug|Any CPU
		{A09E93CB-9A7A-4163-A330-A66696846475}.Release|Any CPU.ActiveCfg = Release|Any CPU
		{A09E93CB-9A7A-4163-A330-A66696846475}.Release|Any CPU.Build.0 = Release|Any CPU
		{4E755018-0059-4362-911C-8DD263D7E5F0}.Debug|Any CPU.ActiveCfg = Debug|Any CPU
		{4E755018-0059-4362-911C-8DD263D7E5F0}.Debug|Any CPU.Build.0 = Debug|Any CPU
		{4E755018-0059-4362-911C-8DD263D7E5F0}.Release|Any CPU.ActiveCfg = Release|Any CPU
		{4E755018-0059-4362-911C-8DD263D7E5F0}.Release|Any CPU.Build.0 = Release|Any CPU
		{E34A22BB-7AC5-4C75-B384-C858695AD4D7}.Debug|Any CPU.ActiveCfg = Debug|Any CPU
		{E34A22BB-7AC5-4C75-B384-C858695AD4D7}.Debug|Any CPU.Build.0 = Debug|Any CPU
		{E34A22BB-7AC5-4C75-B384-C858695AD4D7}.Release|Any CPU.ActiveCfg = Release|Any CPU
		{E34A22BB-7AC5-4C75-B384-C858695AD4D7}.Release|Any CPU.Build.0 = Release|Any CPU
		{9F4E6FE7-0743-4E69-9A3C-ACA104CAC591}.Debug|Any CPU.ActiveCfg = Debug|Any CPU
		{9F4E6FE7-0743-4E69-9A3C-ACA104CAC591}.Debug|Any CPU.Build.0 = Debug|Any CPU
		{9F4E6FE7-0743-4E69-9A3C-ACA104CAC591}.Release|Any CPU.ActiveCfg = Release|Any CPU
		{9F4E6FE7-0743-4E69-9A3C-ACA104CAC591}.Release|Any CPU.Build.0 = Release|Any CPU
	EndGlobalSection
EndGlobal
